// !$*UTF8*$!
{
	archiveVersion = 1;
	classes = {
	};
	objectVersion = 48;
	objects = {

/* Begin PBXBuildFile section */
		13764C461FD7BA5C0030DC4D /* KeychainAccess.framework in Frameworks */ = {isa = PBXBuildFile; fileRef = 13764C451FD7BA5C0030DC4D /* KeychainAccess.framework */; };
		13764C481FD7BA670030DC4D /* OpenVPNAdapter.framework in Frameworks */ = {isa = PBXBuildFile; fileRef = 13764C471FD7BA670030DC4D /* OpenVPNAdapter.framework */; };
		13764C491FD7BA7E0030DC4D /* KeychainAccess.framework in Frameworks */ = {isa = PBXBuildFile; fileRef = 13764C451FD7BA5C0030DC4D /* KeychainAccess.framework */; };
		13764C4A1FD7BA890030DC4D /* OpenVPNAdapter.framework in Frameworks */ = {isa = PBXBuildFile; fileRef = 13764C471FD7BA670030DC4D /* OpenVPNAdapter.framework */; };
		13764C4D1FD7CD500030DC4D /* KeychainAccess+Reference.swift in Sources */ = {isa = PBXBuildFile; fileRef = 13764C4C1FD7CD500030DC4D /* KeychainAccess+Reference.swift */; };
		13764C4F1FD7D28E0030DC4D /* NEPacketTunnelFlow+OpenVPN.swift in Sources */ = {isa = PBXBuildFile; fileRef = 13764C4E1FD7D28E0030DC4D /* NEPacketTunnelFlow+OpenVPN.swift */; };
		13764C511FD7D3090030DC4D /* Then.swift in Sources */ = {isa = PBXBuildFile; fileRef = 13764C501FD7D3090030DC4D /* Then.swift */; };
		13BA47E81FD69D440069A6FA /* NetworkExtension.framework in Frameworks */ = {isa = PBXBuildFile; fileRef = 13BA47E71FD69D370069A6FA /* NetworkExtension.framework */; };
		13BA47E91FD69D4E0069A6FA /* NetworkExtension.framework in Frameworks */ = {isa = PBXBuildFile; fileRef = 13BA47E71FD69D370069A6FA /* NetworkExtension.framework */; };
		13DB25E11FD696EA0017EF26 /* AppDelegate.swift in Sources */ = {isa = PBXBuildFile; fileRef = 13DB25E01FD696EA0017EF26 /* AppDelegate.swift */; };
		13DB25E31FD696EA0017EF26 /* ViewController.swift in Sources */ = {isa = PBXBuildFile; fileRef = 13DB25E21FD696EA0017EF26 /* ViewController.swift */; };
		13DB25E61FD696EA0017EF26 /* Main.storyboard in Resources */ = {isa = PBXBuildFile; fileRef = 13DB25E41FD696EA0017EF26 /* Main.storyboard */; };
		13DB25E81FD696EA0017EF26 /* Assets.xcassets in Resources */ = {isa = PBXBuildFile; fileRef = 13DB25E71FD696EA0017EF26 /* Assets.xcassets */; };
		13DB25EB1FD696EA0017EF26 /* LaunchScreen.storyboard in Resources */ = {isa = PBXBuildFile; fileRef = 13DB25E91FD696EA0017EF26 /* LaunchScreen.storyboard */; };
		13DB26221FD699110017EF26 /* PacketTunnelProvider.swift in Sources */ = {isa = PBXBuildFile; fileRef = 13DB26211FD699110017EF26 /* PacketTunnelProvider.swift */; };
		13DB26261FD699110017EF26 /* PacketTunnel.appex in Embed App Extensions */ = {isa = PBXBuildFile; fileRef = 13DB261D1FD699100017EF26 /* PacketTunnel.appex */; settings = {ATTRIBUTES = (RemoveHeadersOnCopy, ); }; };
/* End PBXBuildFile section */

/* Begin PBXContainerItemProxy section */
		13DB26241FD699110017EF26 /* PBXContainerItemProxy */ = {
			isa = PBXContainerItemProxy;
			containerPortal = 13DB25D51FD696EA0017EF26 /* Project object */;
			proxyType = 1;
			remoteGlobalIDString = 13DB261C1FD699100017EF26;
			remoteInfo = PacketTunnel;
		};
/* End PBXContainerItemProxy section */

/* Begin PBXCopyFilesBuildPhase section */
		13DB26031FD6974F0017EF26 /* Embed App Extensions */ = {
			isa = PBXCopyFilesBuildPhase;
			buildActionMask = 2147483647;
			dstPath = "";
			dstSubfolderSpec = 13;
			files = (
				13DB26261FD699110017EF26 /* PacketTunnel.appex in Embed App Extensions */,
			);
			name = "Embed App Extensions";
			runOnlyForDeploymentPostprocessing = 0;
		};
/* End PBXCopyFilesBuildPhase section */

/* Begin PBXFileReference section */
		13764C451FD7BA5C0030DC4D /* KeychainAccess.framework */ = {isa = PBXFileReference; lastKnownFileType = wrapper.framework; name = KeychainAccess.framework; path = Carthage/Build/iOS/KeychainAccess.framework; sourceTree = "<group>"; };
		13764C471FD7BA670030DC4D /* OpenVPNAdapter.framework */ = {isa = PBXFileReference; lastKnownFileType = wrapper.framework; name = OpenVPNAdapter.framework; path = Carthage/Build/iOS/OpenVPNAdapter.framework; sourceTree = "<group>"; };
		13764C4C1FD7CD500030DC4D /* KeychainAccess+Reference.swift */ = {isa = PBXFileReference; lastKnownFileType = sourcecode.swift; path = "KeychainAccess+Reference.swift"; sourceTree = "<group>"; };
		13764C4E1FD7D28E0030DC4D /* NEPacketTunnelFlow+OpenVPN.swift */ = {isa = PBXFileReference; lastKnownFileType = sourcecode.swift; path = "NEPacketTunnelFlow+OpenVPN.swift"; sourceTree = "<group>"; };
		13764C501FD7D3090030DC4D /* Then.swift */ = {isa = PBXFileReference; lastKnownFileType = sourcecode.swift; path = Then.swift; sourceTree = "<group>"; };
		13BA47E71FD69D370069A6FA /* NetworkExtension.framework */ = {isa = PBXFileReference; lastKnownFileType = wrapper.framework; name = NetworkExtension.framework; path = System/Library/Frameworks/NetworkExtension.framework; sourceTree = SDKROOT; };
		13DB25DD1FD696EA0017EF26 /* openVPN-Test.app */ = {isa = PBXFileReference; explicitFileType = wrapper.application; includeInIndex = 0; path = "openVPN-Test.app"; sourceTree = BUILT_PRODUCTS_DIR; };
		13DB25E01FD696EA0017EF26 /* AppDelegate.swift */ = {isa = PBXFileReference; lastKnownFileType = sourcecode.swift; path = AppDelegate.swift; sourceTree = "<group>"; };
		13DB25E21FD696EA0017EF26 /* ViewController.swift */ = {isa = PBXFileReference; lastKnownFileType = sourcecode.swift; path = ViewController.swift; sourceTree = "<group>"; };
		13DB25E51FD696EA0017EF26 /* Base */ = {isa = PBXFileReference; lastKnownFileType = file.storyboard; name = Base; path = Base.lproj/Main.storyboard; sourceTree = "<group>"; };
		13DB25E71FD696EA0017EF26 /* Assets.xcassets */ = {isa = PBXFileReference; lastKnownFileType = folder.assetcatalog; path = Assets.xcassets; sourceTree = "<group>"; };
		13DB25EA1FD696EA0017EF26 /* Base */ = {isa = PBXFileReference; lastKnownFileType = file.storyboard; name = Base; path = Base.lproj/LaunchScreen.storyboard; sourceTree = "<group>"; };
		13DB25EC1FD696EA0017EF26 /* Info.plist */ = {isa = PBXFileReference; lastKnownFileType = text.plist.xml; path = Info.plist; sourceTree = "<group>"; };
		13DB261D1FD699100017EF26 /* PacketTunnel.appex */ = {isa = PBXFileReference; explicitFileType = "wrapper.app-extension"; includeInIndex = 0; path = PacketTunnel.appex; sourceTree = BUILT_PRODUCTS_DIR; };
		13DB26201FD699110017EF26 /* PacketTunnel.entitlements */ = {isa = PBXFileReference; lastKnownFileType = text.plist.entitlements; path = PacketTunnel.entitlements; sourceTree = "<group>"; };
		13DB26211FD699110017EF26 /* PacketTunnelProvider.swift */ = {isa = PBXFileReference; lastKnownFileType = sourcecode.swift; path = PacketTunnelProvider.swift; sourceTree = "<group>"; };
		13DB26231FD699110017EF26 /* Info.plist */ = {isa = PBXFileReference; lastKnownFileType = text.plist.xml; path = Info.plist; sourceTree = "<group>"; };
		13DB262A1FD699AE0017EF26 /* openVPN-Test.entitlements */ = {isa = PBXFileReference; lastKnownFileType = text.plist.entitlements; path = "openVPN-Test.entitlements"; sourceTree = "<group>"; };
/* End PBXFileReference section */

/* Begin PBXFrameworksBuildPhase section */
		13DB25DA1FD696EA0017EF26 /* Frameworks */ = {
			isa = PBXFrameworksBuildPhase;
			buildActionMask = 2147483647;
			files = (
				13764C4A1FD7BA890030DC4D /* OpenVPNAdapter.framework in Frameworks */,
				13764C491FD7BA7E0030DC4D /* KeychainAccess.framework in Frameworks */,
				13BA47E81FD69D440069A6FA /* NetworkExtension.framework in Frameworks */,
			);
			runOnlyForDeploymentPostprocessing = 0;
		};
		13DB261A1FD699100017EF26 /* Frameworks */ = {
			isa = PBXFrameworksBuildPhase;
			buildActionMask = 2147483647;
			files = (
				13764C481FD7BA670030DC4D /* OpenVPNAdapter.framework in Frameworks */,
				13764C461FD7BA5C0030DC4D /* KeychainAccess.framework in Frameworks */,
				13BA47E91FD69D4E0069A6FA /* NetworkExtension.framework in Frameworks */,
			);
			runOnlyForDeploymentPostprocessing = 0;
		};
/* End PBXFrameworksBuildPhase section */

/* Begin PBXGroup section */
		13764C4B1FD7CC130030DC4D /* Extensions */ = {
			isa = PBXGroup;
			children = (
				13764C4C1FD7CD500030DC4D /* KeychainAccess+Reference.swift */,
				13764C4E1FD7D28E0030DC4D /* NEPacketTunnelFlow+OpenVPN.swift */,
				13764C501FD7D3090030DC4D /* Then.swift */,
			);
			path = Extensions;
			sourceTree = "<group>";
		};
		13DB25D41FD696EA0017EF26 = {
			isa = PBXGroup;
			children = (
				13DB25DF1FD696EA0017EF26 /* openVPN-Test */,
				13DB261E1FD699100017EF26 /* PacketTunnel */,
				13DB25DE1FD696EA0017EF26 /* Products */,
				13DB26151FD698420017EF26 /* Frameworks */,
			);
			sourceTree = "<group>";
		};
		13DB25DE1FD696EA0017EF26 /* Products */ = {
			isa = PBXGroup;
			children = (
				13DB25DD1FD696EA0017EF26 /* openVPN-Test.app */,
				13DB261D1FD699100017EF26 /* PacketTunnel.appex */,
			);
			name = Products;
			sourceTree = "<group>";
		};
		13DB25DF1FD696EA0017EF26 /* openVPN-Test */ = {
			isa = PBXGroup;
			children = (
				13DB262A1FD699AE0017EF26 /* openVPN-Test.entitlements */,
				13DB25E01FD696EA0017EF26 /* AppDelegate.swift */,
				13DB25E21FD696EA0017EF26 /* ViewController.swift */,
				13DB25E41FD696EA0017EF26 /* Main.storyboard */,
				13DB25E71FD696EA0017EF26 /* Assets.xcassets */,
				13DB25E91FD696EA0017EF26 /* LaunchScreen.storyboard */,
				13DB25EC1FD696EA0017EF26 /* Info.plist */,
			);
			path = "openVPN-Test";
			sourceTree = "<group>";
		};
		13DB26151FD698420017EF26 /* Frameworks */ = {
			isa = PBXGroup;
			children = (
				13764C471FD7BA670030DC4D /* OpenVPNAdapter.framework */,
				13764C451FD7BA5C0030DC4D /* KeychainAccess.framework */,
				13BA47E71FD69D370069A6FA /* NetworkExtension.framework */,
			);
			name = Frameworks;
			sourceTree = "<group>";
		};
		13DB261E1FD699100017EF26 /* PacketTunnel */ = {
			isa = PBXGroup;
			children = (
				13764C4B1FD7CC130030DC4D /* Extensions */,
				13DB26211FD699110017EF26 /* PacketTunnelProvider.swift */,
				13DB26231FD699110017EF26 /* Info.plist */,
				13DB261F1FD699110017EF26 /* Supporting Files */,
			);
			path = PacketTunnel;
			sourceTree = "<group>";
		};
		13DB261F1FD699110017EF26 /* Supporting Files */ = {
			isa = PBXGroup;
			children = (
				13DB26201FD699110017EF26 /* PacketTunnel.entitlements */,
			);
			name = "Supporting Files";
			sourceTree = "<group>";
		};
/* End PBXGroup section */

/* Begin PBXNativeTarget section */
		13DB25DC1FD696EA0017EF26 /* openVPN-Test */ = {
			isa = PBXNativeTarget;
			buildConfigurationList = 13DB25EF1FD696EA0017EF26 /* Build configuration list for PBXNativeTarget "openVPN-Test" */;
			buildPhases = (
				13DB25D91FD696EA0017EF26 /* Sources */,
				13DB25DA1FD696EA0017EF26 /* Frameworks */,
				13DB25DB1FD696EA0017EF26 /* Resources */,
				13DB26031FD6974F0017EF26 /* Embed App Extensions */,
				13BA47E61FD69CBE0069A6FA /* ShellScript */,
			);
			buildRules = (
			);
			dependencies = (
				13DB26251FD699110017EF26 /* PBXTargetDependency */,
			);
			name = "openVPN-Test";
			productName = "openVPN-Test";
			productReference = 13DB25DD1FD696EA0017EF26 /* openVPN-Test.app */;
			productType = "com.apple.product-type.application";
		};
		13DB261C1FD699100017EF26 /* PacketTunnel */ = {
			isa = PBXNativeTarget;
			buildConfigurationList = 13DB26271FD699110017EF26 /* Build configuration list for PBXNativeTarget "PacketTunnel" */;
			buildPhases = (
				13DB26191FD699100017EF26 /* Sources */,
				13DB261A1FD699100017EF26 /* Frameworks */,
				13DB261B1FD699100017EF26 /* Resources */,
				13BA47E51FD69C630069A6FA /* ShellScript */,
			);
			buildRules = (
			);
			dependencies = (
			);
			name = PacketTunnel;
			productName = PacketTunnel;
			productReference = 13DB261D1FD699100017EF26 /* PacketTunnel.appex */;
			productType = "com.apple.product-type.app-extension";
		};
/* End PBXNativeTarget section */

/* Begin PBXProject section */
		13DB25D51FD696EA0017EF26 /* Project object */ = {
			isa = PBXProject;
			attributes = {
				LastSwiftUpdateCheck = 0920;
				LastUpgradeCheck = 0920;
				ORGANIZATIONNAME = "周荣水";
				TargetAttributes = {
					13DB25DC1FD696EA0017EF26 = {
						CreatedOnToolsVersion = 9.2;
						ProvisioningStyle = Automatic;
						SystemCapabilities = {
							com.apple.ApplicationGroups.iOS = {
								enabled = 1;
							};
							com.apple.Keychain = {
								enabled = 1;
							};
						};
					};
					13DB261C1FD699100017EF26 = {
						CreatedOnToolsVersion = 9.2;
						ProvisioningStyle = Automatic;
					};
				};
			};
			buildConfigurationList = 13DB25D81FD696EA0017EF26 /* Build configuration list for PBXProject "openVPN-Test" */;
			compatibilityVersion = "Xcode 8.0";
			developmentRegion = en;
			hasScannedForEncodings = 0;
			knownRegions = (
				en,
				Base,
			);
			mainGroup = 13DB25D41FD696EA0017EF26;
			productRefGroup = 13DB25DE1FD696EA0017EF26 /* Products */;
			projectDirPath = "";
			projectRoot = "";
			targets = (
				13DB25DC1FD696EA0017EF26 /* openVPN-Test */,
				13DB261C1FD699100017EF26 /* PacketTunnel */,
			);
		};
/* End PBXProject section */

/* Begin PBXResourcesBuildPhase section */
		13DB25DB1FD696EA0017EF26 /* Resources */ = {
			isa = PBXResourcesBuildPhase;
			buildActionMask = 2147483647;
			files = (
				13DB25EB1FD696EA0017EF26 /* LaunchScreen.storyboard in Resources */,
				13DB25E81FD696EA0017EF26 /* Assets.xcassets in Resources */,
				13DB25E61FD696EA0017EF26 /* Main.storyboard in Resources */,
			);
			runOnlyForDeploymentPostprocessing = 0;
		};
		13DB261B1FD699100017EF26 /* Resources */ = {
			isa = PBXResourcesBuildPhase;
			buildActionMask = 2147483647;
			files = (
			);
			runOnlyForDeploymentPostprocessing = 0;
		};
/* End PBXResourcesBuildPhase section */

/* Begin PBXShellScriptBuildPhase section */
		13BA47E51FD69C630069A6FA /* ShellScript */ = {
			isa = PBXShellScriptBuildPhase;
			buildActionMask = 2147483647;
			files = (
			);
			inputPaths = (
				"$(SRCROOT)/Carthage/Build/iOS/KeychainAccess.framework",
				"$(SRCROOT)/Carthage/Build/iOS/OpenVPNAdapter.framework",
			);
			outputPaths = (
			);
			runOnlyForDeploymentPostprocessing = 0;
			shellPath = /bin/sh;
			shellScript = "carthage copy-frameworks";
		};
		13BA47E61FD69CBE0069A6FA /* ShellScript */ = {
			isa = PBXShellScriptBuildPhase;
			buildActionMask = 2147483647;
			files = (
			);
			inputPaths = (
				"$(SRCROOT)/Carthage/Build/iOS/OpenVPNAdapter.framework",
				"$(SRCROOT)/Carthage/Build/iOS/KeychainAccess.framework",
			);
			outputPaths = (
			);
			runOnlyForDeploymentPostprocessing = 0;
			shellPath = /bin/sh;
			shellScript = "carthage copy-frameworks";
		};
/* End PBXShellScriptBuildPhase section */

/* Begin PBXSourcesBuildPhase section */
		13DB25D91FD696EA0017EF26 /* Sources */ = {
			isa = PBXSourcesBuildPhase;
			buildActionMask = 2147483647;
			files = (
				13DB25E31FD696EA0017EF26 /* ViewController.swift in Sources */,
				13DB25E11FD696EA0017EF26 /* AppDelegate.swift in Sources */,
			);
			runOnlyForDeploymentPostprocessing = 0;
		};
		13DB26191FD699100017EF26 /* Sources */ = {
			isa = PBXSourcesBuildPhase;
			buildActionMask = 2147483647;
			files = (
				13764C511FD7D3090030DC4D /* Then.swift in Sources */,
				13764C4F1FD7D28E0030DC4D /* NEPacketTunnelFlow+OpenVPN.swift in Sources */,
				13DB26221FD699110017EF26 /* PacketTunnelProvider.swift in Sources */,
				13764C4D1FD7CD500030DC4D /* KeychainAccess+Reference.swift in Sources */,
			);
			runOnlyForDeploymentPostprocessing = 0;
		};
/* End PBXSourcesBuildPhase section */

/* Begin PBXTargetDependency section */
		13DB26251FD699110017EF26 /* PBXTargetDependency */ = {
			isa = PBXTargetDependency;
			target = 13DB261C1FD699100017EF26 /* PacketTunnel */;
			targetProxy = 13DB26241FD699110017EF26 /* PBXContainerItemProxy */;
		};
/* End PBXTargetDependency section */

/* Begin PBXVariantGroup section */
		13DB25E41FD696EA0017EF26 /* Main.storyboard */ = {
			isa = PBXVariantGroup;
			children = (
				13DB25E51FD696EA0017EF26 /* Base */,
			);
			name = Main.storyboard;
			sourceTree = "<group>";
		};
		13DB25E91FD696EA0017EF26 /* LaunchScreen.storyboard */ = {
			isa = PBXVariantGroup;
			children = (
				13DB25EA1FD696EA0017EF26 /* Base */,
			);
			name = LaunchScreen.storyboard;
			sourceTree = "<group>";
		};
/* End PBXVariantGroup section */

/* Begin XCBuildConfiguration section */
		13DB25ED1FD696EA0017EF26 /* Debug */ = {
			isa = XCBuildConfiguration;
			buildSettings = {
				ALWAYS_SEARCH_USER_PATHS = NO;
				CLANG_ANALYZER_NONNULL = YES;
				CLANG_ANALYZER_NUMBER_OBJECT_CONVERSION = YES_AGGRESSIVE;
				CLANG_CXX_LANGUAGE_STANDARD = "gnu++14";
				CLANG_CXX_LIBRARY = "libc++";
				CLANG_ENABLE_MODULES = YES;
				CLANG_ENABLE_OBJC_ARC = YES;
				CLANG_WARN_BLOCK_CAPTURE_AUTORELEASING = YES;
				CLANG_WARN_BOOL_CONVERSION = YES;
				CLANG_WARN_COMMA = YES;
				CLANG_WARN_CONSTANT_CONVERSION = YES;
				CLANG_WARN_DIRECT_OBJC_ISA_USAGE = YES_ERROR;
				CLANG_WARN_DOCUMENTATION_COMMENTS = YES;
				CLANG_WARN_EMPTY_BODY = YES;
				CLANG_WARN_ENUM_CONVERSION = YES;
				CLANG_WARN_INFINITE_RECURSION = YES;
				CLANG_WARN_INT_CONVERSION = YES;
				CLANG_WARN_NON_LITERAL_NULL_CONVERSION = YES;
				CLANG_WARN_OBJC_LITERAL_CONVERSION = YES;
				CLANG_WARN_OBJC_ROOT_CLASS = YES_ERROR;
				CLANG_WARN_RANGE_LOOP_ANALYSIS = YES;
				CLANG_WARN_STRICT_PROTOTYPES = YES;
				CLANG_WARN_SUSPICIOUS_MOVE = YES;
				CLANG_WARN_UNGUARDED_AVAILABILITY = YES_AGGRESSIVE;
				CLANG_WARN_UNREACHABLE_CODE = YES;
				CLANG_WARN__DUPLICATE_METHOD_MATCH = YES;
				CODE_SIGN_IDENTITY = "iPhone Developer";
				COPY_PHASE_STRIP = NO;
				DEBUG_INFORMATION_FORMAT = dwarf;
				ENABLE_STRICT_OBJC_MSGSEND = YES;
				ENABLE_TESTABILITY = YES;
				GCC_C_LANGUAGE_STANDARD = gnu11;
				GCC_DYNAMIC_NO_PIC = NO;
				GCC_NO_COMMON_BLOCKS = YES;
				GCC_OPTIMIZATION_LEVEL = 0;
				GCC_PREPROCESSOR_DEFINITIONS = (
					"DEBUG=1",
					"$(inherited)",
				);
				GCC_WARN_64_TO_32_BIT_CONVERSION = YES;
				GCC_WARN_ABOUT_RETURN_TYPE = YES_ERROR;
				GCC_WARN_UNDECLARED_SELECTOR = YES;
				GCC_WARN_UNINITIALIZED_AUTOS = YES_AGGRESSIVE;
				GCC_WARN_UNUSED_FUNCTION = YES;
				GCC_WARN_UNUSED_VARIABLE = YES;
				IPHONEOS_DEPLOYMENT_TARGET = 10.0;
				MTL_ENABLE_DEBUG_INFO = YES;
				ONLY_ACTIVE_ARCH = YES;
				SDKROOT = iphoneos;
				SWIFT_ACTIVE_COMPILATION_CONDITIONS = DEBUG;
				SWIFT_OPTIMIZATION_LEVEL = "-Onone";
			};
			name = Debug;
		};
		13DB25EE1FD696EA0017EF26 /* Release */ = {
			isa = XCBuildConfiguration;
			buildSettings = {
				ALWAYS_SEARCH_USER_PATHS = NO;
				CLANG_ANALYZER_NONNULL = YES;
				CLANG_ANALYZER_NUMBER_OBJECT_CONVERSION = YES_AGGRESSIVE;
				CLANG_CXX_LANGUAGE_STANDARD = "gnu++14";
				CLANG_CXX_LIBRARY = "libc++";
				CLANG_ENABLE_MODULES = YES;
				CLANG_ENABLE_OBJC_ARC = YES;
				CLANG_WARN_BLOCK_CAPTURE_AUTORELEASING = YES;
				CLANG_WARN_BOOL_CONVERSION = YES;
				CLANG_WARN_COMMA = YES;
				CLANG_WARN_CONSTANT_CONVERSION = YES;
				CLANG_WARN_DIRECT_OBJC_ISA_USAGE = YES_ERROR;
				CLANG_WARN_DOCUMENTATION_COMMENTS = YES;
				CLANG_WARN_EMPTY_BODY = YES;
				CLANG_WARN_ENUM_CONVERSION = YES;
				CLANG_WARN_INFINITE_RECURSION = YES;
				CLANG_WARN_INT_CONVERSION = YES;
				CLANG_WARN_NON_LITERAL_NULL_CONVERSION = YES;
				CLANG_WARN_OBJC_LITERAL_CONVERSION = YES;
				CLANG_WARN_OBJC_ROOT_CLASS = YES_ERROR;
				CLANG_WARN_RANGE_LOOP_ANALYSIS = YES;
				CLANG_WARN_STRICT_PROTOTYPES = YES;
				CLANG_WARN_SUSPICIOUS_MOVE = YES;
				CLANG_WARN_UNGUARDED_AVAILABILITY = YES_AGGRESSIVE;
				CLANG_WARN_UNREACHABLE_CODE = YES;
				CLANG_WARN__DUPLICATE_METHOD_MATCH = YES;
				CODE_SIGN_IDENTITY = "iPhone Developer";
				COPY_PHASE_STRIP = NO;
				DEBUG_INFORMATION_FORMAT = "dwarf-with-dsym";
				ENABLE_NS_ASSERTIONS = NO;
				ENABLE_STRICT_OBJC_MSGSEND = YES;
				GCC_C_LANGUAGE_STANDARD = gnu11;
				GCC_NO_COMMON_BLOCKS = YES;
				GCC_WARN_64_TO_32_BIT_CONVERSION = YES;
				GCC_WARN_ABOUT_RETURN_TYPE = YES_ERROR;
				GCC_WARN_UNDECLARED_SELECTOR = YES;
				GCC_WARN_UNINITIALIZED_AUTOS = YES_AGGRESSIVE;
				GCC_WARN_UNUSED_FUNCTION = YES;
				GCC_WARN_UNUSED_VARIABLE = YES;
				IPHONEOS_DEPLOYMENT_TARGET = 10.0;
				MTL_ENABLE_DEBUG_INFO = NO;
				SDKROOT = iphoneos;
				SWIFT_OPTIMIZATION_LEVEL = "-Owholemodule";
				VALIDATE_PRODUCT = YES;
			};
			name = Release;
		};
		13DB25F01FD696EA0017EF26 /* Debug */ = {
			isa = XCBuildConfiguration;
			buildSettings = {
				ALWAYS_EMBED_SWIFT_STANDARD_LIBRARIES = YES;
				ASSETCATALOG_COMPILER_APPICON_NAME = AppIcon;
				CODE_SIGN_ENTITLEMENTS = "openVPN-Test/openVPN-Test.entitlements";
				CODE_SIGN_STYLE = Automatic;
				DEVELOPMENT_TEAM = B3S69M6X9U;
				FRAMEWORK_SEARCH_PATHS = (
					"$(inherited)",
					"$(PROJECT_DIR)/Carthage/Build/iOS",
				);
				INFOPLIST_FILE = "openVPN-Test/Info.plist";
				LD_RUNPATH_SEARCH_PATHS = "$(inherited) @executable_path/Frameworks";
				PRODUCT_BUNDLE_IDENTIFIER = com.jutao.jutaoVPN;
				PRODUCT_NAME = "$(TARGET_NAME)";
				SWIFT_VERSION = 4.0;
				TARGETED_DEVICE_FAMILY = "1,2";
			};
			name = Debug;
		};
		13DB25F11FD696EA0017EF26 /* Release */ = {
			isa = XCBuildConfiguration;
			buildSettings = {
				ALWAYS_EMBED_SWIFT_STANDARD_LIBRARIES = YES;
				ASSETCATALOG_COMPILER_APPICON_NAME = AppIcon;
				CODE_SIGN_ENTITLEMENTS = "openVPN-Test/openVPN-Test.entitlements";
				CODE_SIGN_STYLE = Automatic;
				DEVELOPMENT_TEAM = B3S69M6X9U;
				FRAMEWORK_SEARCH_PATHS = (
					"$(inherited)",
					"$(PROJECT_DIR)/Carthage/Build/iOS",
				);
				INFOPLIST_FILE = "openVPN-Test/Info.plist";
				LD_RUNPATH_SEARCH_PATHS = "$(inherited) @executable_path/Frameworks";
				PRODUCT_BUNDLE_IDENTIFIER = com.jutao.jutaoVPN;
				PRODUCT_NAME = "$(TARGET_NAME)";
				SWIFT_VERSION = 4.0;
				TARGETED_DEVICE_FAMILY = "1,2";
			};
			name = Release;
		};
		13DB26281FD699110017EF26 /* Debug */ = {
			isa = XCBuildConfiguration;
			buildSettings = {
				CODE_SIGN_ENTITLEMENTS = PacketTunnel/PacketTunnel.entitlements;
				CODE_SIGN_STYLE = Automatic;
				DEVELOPMENT_TEAM = B3S69M6X9U;
				FRAMEWORK_SEARCH_PATHS = (
					"$(inherited)",
					"$(PROJECT_DIR)/Carthage/Build/iOS",
				);
				INFOPLIST_FILE = PacketTunnel/Info.plist;
				IPHONEOS_DEPLOYMENT_TARGET = 11.2;
				LD_RUNPATH_SEARCH_PATHS = "$(inherited) @executable_path/Frameworks @executable_path/../../Frameworks";
				PRODUCT_BUNDLE_IDENTIFIER = com.jutao.jutaoVPN.PacketTunnel;
				PRODUCT_NAME = "$(TARGET_NAME)";
				SKIP_INSTALL = YES;
				SWIFT_VERSION = 4.0;
				TARGETED_DEVICE_FAMILY = "1,2";
			};
			name = Debug;
		};
		13DB26291FD699110017EF26 /* Release */ = {
			isa = XCBuildConfiguration;
			buildSettings = {
				CODE_SIGN_ENTITLEMENTS = PacketTunnel/PacketTunnel.entitlements;
				CODE_SIGN_STYLE = Automatic;
				DEVELOPMENT_TEAM = B3S69M6X9U;
				FRAMEWORK_SEARCH_PATHS = (
					"$(inherited)",
					"$(PROJECT_DIR)/Carthage/Build/iOS",
				);
				INFOPLIST_FILE = PacketTunnel/Info.plist;
				IPHONEOS_DEPLOYMENT_TARGET = 11.2;
				LD_RUNPATH_SEARCH_PATHS = "$(inherited) @executable_path/Frameworks @executable_path/../../Frameworks";
				PRODUCT_BUNDLE_IDENTIFIER = com.jutao.jutaoVPN.PacketTunnel;
				PRODUCT_NAME = "$(TARGET_NAME)";
				SKIP_INSTALL = YES;
				SWIFT_VERSION = 4.0;
				TARGETED_DEVICE_FAMILY = "1,2";
			};
			name = Release;
		};
/* End XCBuildConfiguration section */

/* Begin XCConfigurationList section */
		13DB25D81FD696EA0017EF26 /* Build configuration list for PBXProject "openVPN-Test" */ = {
			isa = XCConfigurationList;
			buildConfigurations = (
				13DB25ED1FD696EA0017EF26 /* Debug */,
				13DB25EE1FD696EA0017EF26 /* Release */,
			);
			defaultConfigurationIsVisible = 0;
			defaultConfigurationName = Release;
		};
		13DB25EF1FD696EA0017EF26 /* Build configuration list for PBXNativeTarget "openVPN-Test" */ = {
			isa = XCConfigurationList;
			buildConfigurations = (
				13DB25F01FD696EA0017EF26 /* Debug */,
				13DB25F11FD696EA0017EF26 /* Release */,
			);
			defaultConfigurationIsVisible = 0;
			defaultConfigurationName = Release;
		};
		13DB26271FD699110017EF26 /* Build configuration list for PBXNativeTarget "PacketTunnel" */ = {
			isa = XCConfigurationList;
			buildConfigurations = (
				13DB26281FD699110017EF26 /* Debug */,
				13DB26291FD699110017EF26 /* Release */,
			);
			defaultConfigurationIsVisible = 0;
			defaultConfigurationName = Release;
		};
/* End XCConfigurationList section */
	};
	rootObject = 13DB25D51FD696EA0017EF26 /* Project object */;
}
